
Microsoft Visual Studio Solution File, Format Version 12.00
# Visual Studio 15
VisualStudioVersion = 15.0.27130.2027
MinimumVisualStudioVersion = 10.0.40219.1
Project("{FAE04EC0-301F-11D3-BF4B-00C04F79EFBC}") = "Iris.DemoOriginal", "Iris.DemoOriginal\Iris.DemoOriginal.csproj", "{1D274B87-7EFC-4477-870A-4F50EF053129}"
EndProject
Project("{FAE04EC0-301F-11D3-BF4B-00C04F79EFBC}") = "Iris.LearningFittingTraining", "Iris.LearningFittingTraining\Iris.LearningFittingTraining.csproj", "{F1EB98F1-060D-4C53-B3DA-E89275153889}"
EndProject
Project("{FAE04EC0-301F-11D3-BF4B-00C04F79EFBC}") = "Iris.PredictingEvaluatingTesting", "Iris.PredictingEvaluatingTesting\Iris.PredictingEvaluatingTesting.csproj", "{DF47CFB4-04D2-4630-9368-65BCC705D16B}"
EndProject
Global
	GlobalSection(SolutionConfigurationPlatforms) = preSolution
		Debug|Any CPU = Debug|Any CPU
		Release|Any CPU = Release|Any CPU
	EndGlobalSection
	GlobalSection(ProjectConfigurationPlatforms) = postSolution
		{1D274B87-7EFC-4477-870A-4F50EF053129}.Debug|Any CPU.ActiveCfg = Debug|Any CPU
		{1D274B87-7EFC-4477-870A-4F50EF053129}.Debug|Any CPU.Build.0 = Debug|Any CPU
		{1D274B87-7EFC-4477-870A-4F50EF053129}.Release|Any CPU.ActiveCfg = Release|Any CPU
		{1D274B87-7EFC-4477-870A-4F50EF053129}.Release|Any CPU.Build.0 = Release|Any CPU
		{F1EB98F1-060D-4C53-B3DA-E89275153889}.Debug|Any CPU.ActiveCfg = Debug|Any CPU
		{F1EB98F1-060D-4C53-B3DA-E89275153889}.Debug|Any CPU.Build.0 = Debug|Any CPU
		{F1EB98F1-060D-4C53-B3DA-E89275153889}.Release|Any CPU.ActiveCfg = Release|Any CPU
		{F1EB98F1-060D-4C53-B3DA-E89275153889}.Release|Any CPU.Build.0 = Release|Any CPU
		{DF47CFB4-04D2-4630-9368-65BCC705D16B}.Debug|Any CPU.ActiveCfg = Debug|Any CPU
		{DF47CFB4-04D2-4630-9368-65BCC705D16B}.Debug|Any CPU.Build.0 = Debug|Any CPU
		{DF47CFB4-04D2-4630-9368-65BCC705D16B}.Release|Any CPU.ActiveCfg = Release|Any CPU
		{DF47CFB4-04D2-4630-9368-65BCC705D16B}.Release|Any CPU.Build.0 = Release|Any CPU
	EndGlobalSection
EndGlobal
