
Microsoft Visual Studio Solution File, Format Version 12.00
# Visual Studio Version 16
VisualStudioVersion = 16.0.29209.152
MinimumVisualStudioVersion = 10.0.40219.1
Project("{9A19103F-16F7-4668-BE54-9A1E7A4F7556}") = "Old.Demo.Ph4ct3x.App.Somatotype", "SomatoType\Old.Demo.Playground.Ph4ct3x.App.Somatotype\Old.Demo.Ph4ct3x.App.Somatotype.csproj", "{9ABE5E43-A636-481E-8FD9-43D0F401E493}"
EndProject
Project("{9A19103F-16F7-4668-BE54-9A1E7A4F7556}") = "Ph4ct3x.App.Somatotype.Train.ML.NET", "SomatoType\Ph4ct3x.App.Somatotype.Train.ML.NET\Ph4ct3x.App.Somatotype.Train.ML.NET.csproj", "{6D82949E-BBCD-4EED-8DAD-B0CC5765349B}"
EndProject
Project("{9A19103F-16F7-4668-BE54-9A1E7A4F7556}") = "Ph4ct3x.App.Somatotype.Evaluate.ML.NET", "SomatoType\Ph4ct3x.App.Somatotype.Evaluate.ML.NET\Ph4ct3x.App.Somatotype.Evaluate.ML.NET.csproj", "{F8208CD9-91E4-4D83-9440-34E6B375A0D7}"
EndProject
Project("{9A19103F-16F7-4668-BE54-9A1E7A4F7556}") = "Ph4ct3x.Somatotype.netstandard20", "SomatoType\Ph4ct3x.Somatotype.netstandard20\Ph4ct3x.Somatotype.netstandard20.csproj", "{8315D9C1-D34D-4B07-9DF8-53EFBF4662A8}"
EndProject
Project("{2150E333-8FDC-42A3-9474-1A3956D46DE8}") = "externals", "externals", "{6D349523-CE94-4F06-8676-5DA361BD1E7B}"
EndProject
Project("{2150E333-8FDC-42A3-9474-1A3956D46DE8}") = "source", "source", "{4F8AB89A-3905-4674-9A44-95B25E310890}"
EndProject
Project("{9A19103F-16F7-4668-BE54-9A1E7A4F7556}") = "HolisticWare.Core.Sample.Data", "..\..\..\external\Data\Core.Math.Samples\data\HolisticWare.Core.Sample.Data\HolisticWare.Core.Sample.Data.csproj", "{63777B72-78CB-4050-8FD6-C4C183310DC4}"
EndProject
Project("{9A19103F-16F7-4668-BE54-9A1E7A4F7556}") = "Ph4ct3x.App.TimerStopWatch", "Ph4ct3x.App.TimerStopWatch\Ph4ct3x.App.TimerStopWatch.csproj", "{DE70ECD3-5A83-42E3-B522-6520F9D61A33}"
EndProject
Project("{2150E333-8FDC-42A3-9474-1A3956D46DE8}") = "Core", "Core", "{05F5C04C-1459-42A6-8B9F-CCAA458A2630}"
EndProject
Project("{2150E333-8FDC-42A3-9474-1A3956D46DE8}") = "DiagnosticTests", "DiagnosticTests", "{780338C3-138D-4A5F-BF5C-1DD8CDE15E75}"
EndProject
Project("{9A19103F-16F7-4668-BE54-9A1E7A4F7556}") = "HolisticWare.Ph4ct3x.Core", "..\..\..\source\Core\HolisticWare.Ph4ct3x.Core\HolisticWare.Ph4ct3x.Core.csproj", "{813C86F4-D0D9-4E43-979D-C2EA90BDF67D}"
EndProject
Project("{9A19103F-16F7-4668-BE54-9A1E7A4F7556}") = "HolisticWare.Ph4ct3x.DiagnosticTests.Core", "..\..\..\source\DiagnosticTests\HolisticWare.Ph4ct3x.DiagnosticTests.Core\HolisticWare.Ph4ct3x.DiagnosticTests.Core.csproj", "{F8C24783-AE5F-4B32-AF25-500452179791}"
EndProject
Project("{9A19103F-16F7-4668-BE54-9A1E7A4F7556}") = "HolisticWare.Ph4ct3x.DiagnosticTests.Motorical", "..\..\..\source\DiagnosticTests\HolisticWare.Ph4ct3x.DiagnosticTests.Motorical\HolisticWare.Ph4ct3x.DiagnosticTests.Motorical.csproj", "{8BC1B2A5-1A84-4815-BFBC-FD0C5DD7B93D}"
EndProject
Project("{9A19103F-16F7-4668-BE54-9A1E7A4F7556}") = "HolisticWare.Ph4ct3x.DiagnosticTests.Physiological", "..\..\..\source\DiagnosticTests\HolisticWare.Ph4ct3x.DiagnosticTests.Physiological\HolisticWare.Ph4ct3x.DiagnosticTests.Physiological.csproj", "{941C1E8E-2B16-4D17-8161-5C72296A3137}"
EndProject
Project("{9A19103F-16F7-4668-BE54-9A1E7A4F7556}") = "HolisticWare.Ph4ct3x.DiagnosticTests.Morphological", "..\..\..\source\DiagnosticTests\HolisticWare.Ph4ct3x.DiagnosticTests.Morphological\HolisticWare.Ph4ct3x.DiagnosticTests.Morphological.csproj", "{430BB1A2-63CE-4CF3-AD90-38FB1B0AC2C9}"
EndProject
Project("{9A19103F-16F7-4668-BE54-9A1E7A4F7556}") = "HolisticWare.Ph4ct3x.DiagnosticTests.Morphological.ML.Evaluation", "..\..\..\source\DiagnosticTests\HolisticWare.Ph4ct3x.DiagnosticTests.Morphological.ML.Evaluation\HolisticWare.Ph4ct3x.DiagnosticTests.Morphological.ML.Evaluation.csproj", "{AF481EF2-DCF3-4BE9-9962-35A4447B46D3}"
EndProject
Project("{9A19103F-16F7-4668-BE54-9A1E7A4F7556}") = "HolisticWare.Ph4ct3x.DiagnosticTests.Morphological.ML.Training", "..\..\..\source\DiagnosticTests\HolisticWare.Ph4ct3x.DiagnosticTests.Morphological.ML.Training\HolisticWare.Ph4ct3x.DiagnosticTests.Morphological.ML.Training.csproj", "{03D696B3-B1B6-4A9F-8CD2-1ABE15AD4738}"
EndProject
Project("{9A19103F-16F7-4668-BE54-9A1E7A4F7556}") = "HolisticWare.Ph4ct3x.DiagnosticTests.Nutrition", "..\..\..\source\DiagnosticTests\HolisticWare.Ph4ct3x.DiagnosticTests.Nutrition\HolisticWare.Ph4ct3x.DiagnosticTests.Nutrition.csproj", "{482258F0-ADDA-4842-9408-4AC952C37C6E}"
EndProject
Project("{9A19103F-16F7-4668-BE54-9A1E7A4F7556}") = "Ph4ct3x.App.Somatotype", "SomatoType\Ph4ct3x.App.Somatotype\Ph4ct3x.App.Somatotype.csproj", "{C4711886-5800-4196-A33A-2E5DA249986A}"
EndProject
Project("{FAE04EC0-301F-11D3-BF4B-00C04F79EFBC}") = "Iris.PredictingEvaluatingTesting", "Iris\Iris.PredictingEvaluatingTesting\Iris.PredictingEvaluatingTesting.csproj", "{3C0692D9-DDD8-4C3C-AF57-4F419FBC9AEE}"
EndProject
Project("{FAE04EC0-301F-11D3-BF4B-00C04F79EFBC}") = "Iris.LearningFittingTraining", "Iris\Iris.LearningFittingTraining\Iris.LearningFittingTraining.csproj", "{D8340284-A756-4FF2-8A8C-248AA17441E7}"
EndProject
Project("{2150E333-8FDC-42A3-9474-1A3956D46DE8}") = "Zsample.Iris", "Zsample.Iris", "{5FC8E084-AEC8-4F14-893B-EA530E413AF3}"
EndProject
Project("{2150E333-8FDC-42A3-9474-1A3956D46DE8}") = "Zsample.SomatoType", "Zsample.SomatoType", "{34E5276E-8FED-49EE-95EE-AC6A8A9026E9}"
EndProject
Project("{FAE04EC0-301F-11D3-BF4B-00C04F79EFBC}") = "Iris.DemoOriginal", "Iris\Iris.DemoOriginal\Iris.DemoOriginal.csproj", "{BFC90B6E-6571-404F-A8C5-BCB862AC0FC3}"
EndProject
Project("{2150E333-8FDC-42A3-9474-1A3956D46DE8}") = "Zsample.Diverse", "Zsample.Diverse", "{3673CFE6-8056-4BC8-B20B-956639D756BE}"
EndProject
Global
	GlobalSection(SolutionConfigurationPlatforms) = preSolution
		Debug|Any CPU = Debug|Any CPU
		Release|Any CPU = Release|Any CPU
	EndGlobalSection
	GlobalSection(ProjectConfigurationPlatforms) = postSolution
		{9ABE5E43-A636-481E-8FD9-43D0F401E493}.Debug|Any CPU.ActiveCfg = Debug|Any CPU
		{9ABE5E43-A636-481E-8FD9-43D0F401E493}.Debug|Any CPU.Build.0 = Debug|Any CPU
		{9ABE5E43-A636-481E-8FD9-43D0F401E493}.Release|Any CPU.ActiveCfg = Release|Any CPU
		{9ABE5E43-A636-481E-8FD9-43D0F401E493}.Release|Any CPU.Build.0 = Release|Any CPU
		{6D82949E-BBCD-4EED-8DAD-B0CC5765349B}.Debug|Any CPU.ActiveCfg = Debug|Any CPU
		{6D82949E-BBCD-4EED-8DAD-B0CC5765349B}.Debug|Any CPU.Build.0 = Debug|Any CPU
		{6D82949E-BBCD-4EED-8DAD-B0CC5765349B}.Release|Any CPU.ActiveCfg = Release|Any CPU
		{6D82949E-BBCD-4EED-8DAD-B0CC5765349B}.Release|Any CPU.Build.0 = Release|Any CPU
		{F8208CD9-91E4-4D83-9440-34E6B375A0D7}.Debug|Any CPU.ActiveCfg = Debug|Any CPU
		{F8208CD9-91E4-4D83-9440-34E6B375A0D7}.Debug|Any CPU.Build.0 = Debug|Any CPU
		{F8208CD9-91E4-4D83-9440-34E6B375A0D7}.Release|Any CPU.ActiveCfg = Release|Any CPU
		{F8208CD9-91E4-4D83-9440-34E6B375A0D7}.Release|Any CPU.Build.0 = Release|Any CPU
		{8315D9C1-D34D-4B07-9DF8-53EFBF4662A8}.Debug|Any CPU.ActiveCfg = Debug|Any CPU
		{8315D9C1-D34D-4B07-9DF8-53EFBF4662A8}.Debug|Any CPU.Build.0 = Debug|Any CPU
		{8315D9C1-D34D-4B07-9DF8-53EFBF4662A8}.Release|Any CPU.ActiveCfg = Release|Any CPU
		{8315D9C1-D34D-4B07-9DF8-53EFBF4662A8}.Release|Any CPU.Build.0 = Release|Any CPU
		{63777B72-78CB-4050-8FD6-C4C183310DC4}.Debug|Any CPU.ActiveCfg = Debug|Any CPU
		{63777B72-78CB-4050-8FD6-C4C183310DC4}.Debug|Any CPU.Build.0 = Debug|Any CPU
		{63777B72-78CB-4050-8FD6-C4C183310DC4}.Release|Any CPU.ActiveCfg = Release|Any CPU
		{63777B72-78CB-4050-8FD6-C4C183310DC4}.Release|Any CPU.Build.0 = Release|Any CPU
		{DE70ECD3-5A83-42E3-B522-6520F9D61A33}.Debug|Any CPU.ActiveCfg = Debug|Any CPU
		{DE70ECD3-5A83-42E3-B522-6520F9D61A33}.Debug|Any CPU.Build.0 = Debug|Any CPU
		{DE70ECD3-5A83-42E3-B522-6520F9D61A33}.Release|Any CPU.ActiveCfg = Release|Any CPU
		{DE70ECD3-5A83-42E3-B522-6520F9D61A33}.Release|Any CPU.Build.0 = Release|Any CPU
		{813C86F4-D0D9-4E43-979D-C2EA90BDF67D}.Debug|Any CPU.ActiveCfg = Debug|Any CPU
		{813C86F4-D0D9-4E43-979D-C2EA90BDF67D}.Debug|Any CPU.Build.0 = Debug|Any CPU
		{813C86F4-D0D9-4E43-979D-C2EA90BDF67D}.Release|Any CPU.ActiveCfg = Release|Any CPU
		{813C86F4-D0D9-4E43-979D-C2EA90BDF67D}.Release|Any CPU.Build.0 = Release|Any CPU
		{F8C24783-AE5F-4B32-AF25-500452179791}.Debug|Any CPU.ActiveCfg = Debug|Any CPU
		{F8C24783-AE5F-4B32-AF25-500452179791}.Debug|Any CPU.Build.0 = Debug|Any CPU
		{F8C24783-AE5F-4B32-AF25-500452179791}.Release|Any CPU.ActiveCfg = Release|Any CPU
		{F8C24783-AE5F-4B32-AF25-500452179791}.Release|Any CPU.Build.0 = Release|Any CPU
		{8BC1B2A5-1A84-4815-BFBC-FD0C5DD7B93D}.Debug|Any CPU.ActiveCfg = Debug|Any CPU
		{8BC1B2A5-1A84-4815-BFBC-FD0C5DD7B93D}.Debug|Any CPU.Build.0 = Debug|Any CPU
		{8BC1B2A5-1A84-4815-BFBC-FD0C5DD7B93D}.Release|Any CPU.ActiveCfg = Release|Any CPU
		{8BC1B2A5-1A84-4815-BFBC-FD0C5DD7B93D}.Release|Any CPU.Build.0 = Release|Any CPU
		{941C1E8E-2B16-4D17-8161-5C72296A3137}.Debug|Any CPU.ActiveCfg = Debug|Any CPU
		{941C1E8E-2B16-4D17-8161-5C72296A3137}.Debug|Any CPU.Build.0 = Debug|Any CPU
		{941C1E8E-2B16-4D17-8161-5C72296A3137}.Release|Any CPU.ActiveCfg = Release|Any CPU
		{941C1E8E-2B16-4D17-8161-5C72296A3137}.Release|Any CPU.Build.0 = Release|Any CPU
		{430BB1A2-63CE-4CF3-AD90-38FB1B0AC2C9}.Debug|Any CPU.ActiveCfg = Debug|Any CPU
		{430BB1A2-63CE-4CF3-AD90-38FB1B0AC2C9}.Debug|Any CPU.Build.0 = Debug|Any CPU
		{430BB1A2-63CE-4CF3-AD90-38FB1B0AC2C9}.Release|Any CPU.ActiveCfg = Release|Any CPU
		{430BB1A2-63CE-4CF3-AD90-38FB1B0AC2C9}.Release|Any CPU.Build.0 = Release|Any CPU
		{AF481EF2-DCF3-4BE9-9962-35A4447B46D3}.Debug|Any CPU.ActiveCfg = Debug|Any CPU
		{AF481EF2-DCF3-4BE9-9962-35A4447B46D3}.Debug|Any CPU.Build.0 = Debug|Any CPU
		{AF481EF2-DCF3-4BE9-9962-35A4447B46D3}.Release|Any CPU.ActiveCfg = Release|Any CPU
		{AF481EF2-DCF3-4BE9-9962-35A4447B46D3}.Release|Any CPU.Build.0 = Release|Any CPU
		{03D696B3-B1B6-4A9F-8CD2-1ABE15AD4738}.Debug|Any CPU.ActiveCfg = Debug|Any CPU
		{03D696B3-B1B6-4A9F-8CD2-1ABE15AD4738}.Debug|Any CPU.Build.0 = Debug|Any CPU
		{03D696B3-B1B6-4A9F-8CD2-1ABE15AD4738}.Release|Any CPU.ActiveCfg = Release|Any CPU
		{03D696B3-B1B6-4A9F-8CD2-1ABE15AD4738}.Release|Any CPU.Build.0 = Release|Any CPU
		{482258F0-ADDA-4842-9408-4AC952C37C6E}.Debug|Any CPU.ActiveCfg = Debug|Any CPU
		{482258F0-ADDA-4842-9408-4AC952C37C6E}.Debug|Any CPU.Build.0 = Debug|Any CPU
		{482258F0-ADDA-4842-9408-4AC952C37C6E}.Release|Any CPU.ActiveCfg = Release|Any CPU
		{482258F0-ADDA-4842-9408-4AC952C37C6E}.Release|Any CPU.Build.0 = Release|Any CPU
		{C4711886-5800-4196-A33A-2E5DA249986A}.Debug|Any CPU.ActiveCfg = Debug|Any CPU
		{C4711886-5800-4196-A33A-2E5DA249986A}.Debug|Any CPU.Build.0 = Debug|Any CPU
		{C4711886-5800-4196-A33A-2E5DA249986A}.Release|Any CPU.ActiveCfg = Release|Any CPU
		{C4711886-5800-4196-A33A-2E5DA249986A}.Release|Any CPU.Build.0 = Release|Any CPU
		{3C0692D9-DDD8-4C3C-AF57-4F419FBC9AEE}.Debug|Any CPU.ActiveCfg = Debug|Any CPU
		{3C0692D9-DDD8-4C3C-AF57-4F419FBC9AEE}.Debug|Any CPU.Build.0 = Debug|Any CPU
		{3C0692D9-DDD8-4C3C-AF57-4F419FBC9AEE}.Release|Any CPU.ActiveCfg = Release|Any CPU
		{3C0692D9-DDD8-4C3C-AF57-4F419FBC9AEE}.Release|Any CPU.Build.0 = Release|Any CPU
		{D8340284-A756-4FF2-8A8C-248AA17441E7}.Debug|Any CPU.ActiveCfg = Debug|Any CPU
		{D8340284-A756-4FF2-8A8C-248AA17441E7}.Debug|Any CPU.Build.0 = Debug|Any CPU
		{D8340284-A756-4FF2-8A8C-248AA17441E7}.Release|Any CPU.ActiveCfg = Release|Any CPU
		{D8340284-A756-4FF2-8A8C-248AA17441E7}.Release|Any CPU.Build.0 = Release|Any CPU
		{BFC90B6E-6571-404F-A8C5-BCB862AC0FC3}.Debug|Any CPU.ActiveCfg = Debug|Any CPU
		{BFC90B6E-6571-404F-A8C5-BCB862AC0FC3}.Debug|Any CPU.Build.0 = Debug|Any CPU
		{BFC90B6E-6571-404F-A8C5-BCB862AC0FC3}.Release|Any CPU.ActiveCfg = Release|Any CPU
		{BFC90B6E-6571-404F-A8C5-BCB862AC0FC3}.Release|Any CPU.Build.0 = Release|Any CPU
	EndGlobalSection
	GlobalSection(SolutionProperties) = preSolution
		HideSolutionNode = FALSE
	EndGlobalSection
	GlobalSection(NestedProjects) = preSolution
		{63777B72-78CB-4050-8FD6-C4C183310DC4} = {6D349523-CE94-4F06-8676-5DA361BD1E7B}
		{05F5C04C-1459-42A6-8B9F-CCAA458A2630} = {4F8AB89A-3905-4674-9A44-95B25E310890}
		{780338C3-138D-4A5F-BF5C-1DD8CDE15E75} = {4F8AB89A-3905-4674-9A44-95B25E310890}
		{813C86F4-D0D9-4E43-979D-C2EA90BDF67D} = {05F5C04C-1459-42A6-8B9F-CCAA458A2630}
		{F8C24783-AE5F-4B32-AF25-500452179791} = {780338C3-138D-4A5F-BF5C-1DD8CDE15E75}
		{8BC1B2A5-1A84-4815-BFBC-FD0C5DD7B93D} = {780338C3-138D-4A5F-BF5C-1DD8CDE15E75}
		{941C1E8E-2B16-4D17-8161-5C72296A3137} = {780338C3-138D-4A5F-BF5C-1DD8CDE15E75}
		{430BB1A2-63CE-4CF3-AD90-38FB1B0AC2C9} = {780338C3-138D-4A5F-BF5C-1DD8CDE15E75}
		{AF481EF2-DCF3-4BE9-9962-35A4447B46D3} = {780338C3-138D-4A5F-BF5C-1DD8CDE15E75}
		{03D696B3-B1B6-4A9F-8CD2-1ABE15AD4738} = {780338C3-138D-4A5F-BF5C-1DD8CDE15E75}
		{482258F0-ADDA-4842-9408-4AC952C37C6E} = {780338C3-138D-4A5F-BF5C-1DD8CDE15E75}
		{D8340284-A756-4FF2-8A8C-248AA17441E7} = {5FC8E084-AEC8-4F14-893B-EA530E413AF3}
		{3C0692D9-DDD8-4C3C-AF57-4F419FBC9AEE} = {5FC8E084-AEC8-4F14-893B-EA530E413AF3}
		{9ABE5E43-A636-481E-8FD9-43D0F401E493} = {34E5276E-8FED-49EE-95EE-AC6A8A9026E9}
		{C4711886-5800-4196-A33A-2E5DA249986A} = {34E5276E-8FED-49EE-95EE-AC6A8A9026E9}
		{F8208CD9-91E4-4D83-9440-34E6B375A0D7} = {34E5276E-8FED-49EE-95EE-AC6A8A9026E9}
		{6D82949E-BBCD-4EED-8DAD-B0CC5765349B} = {34E5276E-8FED-49EE-95EE-AC6A8A9026E9}
		{DE70ECD3-5A83-42E3-B522-6520F9D61A33} = {3673CFE6-8056-4BC8-B20B-956639D756BE}
		{8315D9C1-D34D-4B07-9DF8-53EFBF4662A8} = {34E5276E-8FED-49EE-95EE-AC6A8A9026E9}
		{BFC90B6E-6571-404F-A8C5-BCB862AC0FC3} = {5FC8E084-AEC8-4F14-893B-EA530E413AF3}
	EndGlobalSection
	GlobalSection(ExtensibilityGlobals) = postSolution
		SolutionGuid = {D407CCD4-3E13-4090-84BA-9DE5B3A8F357}
	EndGlobalSection
EndGlobal
